
Microsoft Visual Studio Solution File, Format Version 12.00
# Visual Studio Version 16
VisualStudioVersion = 16.0.30717.126
MinimumVisualStudioVersion = 10.0.40219.1
Project("{FAE04EC0-301F-11D3-BF4B-00C04F79EFBC}") = "Internship-1-Git", "Internship-1-Git\Internship-1-Git.csproj", "{74B5C621-8150-48EF-9BE2-CA5E149FB18E}"
EndProject
Global
	GlobalSection(SolutionConfigurationPlatforms) = preSolution
		Debug|Any CPU = Debug|Any CPU
		Release|Any CPU = Release|Any CPU
	EndGlobalSection
	GlobalSection(ProjectConfigurationPlatforms) = postSolution
		{74B5C621-8150-48EF-9BE2-CA5E149FB18E}.Debug|Any CPU.ActiveCfg = Debug|Any CPU
		{74B5C621-8150-48EF-9BE2-CA5E149FB18E}.Debug|Any CPU.Build.0 = Debug|Any CPU
		{74B5C621-8150-48EF-9BE2-CA5E149FB18E}.Release|Any CPU.ActiveCfg = Release|Any CPU
		{74B5C621-8150-48EF-9BE2-CA5E149FB18E}.Release|Any CPU.Build.0 = Release|Any CPU
	EndGlobalSection
	GlobalSection(SolutionProperties) = preSolution
		HideSolutionNode = FALSE
	EndGlobalSection
	GlobalSection(ExtensibilityGlobals) = postSolution
		SolutionGuid = {F4829C31-AA00-44CE-9708-25C8B4F0D7BE}
	EndGlobalSection
EndGlobal
